
Microsoft Visual Studio Solution File, Format Version 12.00
# Visual Studio Version 17
VisualStudioVersion = 17.4.33122.133
MinimumVisualStudioVersion = 10.0.40219.1
Project("{FAE04EC0-301F-11D3-BF4B-00C04F79EFBC}") = "Chess", "Chess\Chess.csproj", "{BB2F8B8F-1287-48BF-B997-4E18F1ADD6C9}"
EndProject
Global
	GlobalSection(SolutionConfigurationPlatforms) = preSolution
		Debug|Any CPU = Debug|Any CPU
		Release|Any CPU = Release|Any CPU
	EndGlobalSection
	GlobalSection(ProjectConfigurationPlatforms) = postSolution
		{BB2F8B8F-1287-48BF-B997-4E18F1ADD6C9}.Debug|Any CPU.ActiveCfg = Debug|Any CPU
		{BB2F8B8F-1287-48BF-B997-4E18F1ADD6C9}.Debug|Any CPU.Build.0 = Debug|Any CPU
		{BB2F8B8F-1287-48BF-B997-4E18F1ADD6C9}.Release|Any CPU.ActiveCfg = Release|Any CPU
		{BB2F8B8F-1287-48BF-B997-4E18F1ADD6C9}.Release|Any CPU.Build.0 = Release|Any CPU
	EndGlobalSection
	GlobalSection(SolutionProperties) = preSolution
		HideSolutionNode = FALSE
	EndGlobalSection
	GlobalSection(ExtensibilityGlobals) = postSolution
		SolutionGuid = {432B1F00-2CFF-41A8-AB32-560B0204B665}
	EndGlobalSection
EndGlobal
